
Microsoft Visual Studio Solution File, Format Version 12.00
# Visual Studio Version 16
VisualStudioVersion = 16.0.31911.196
MinimumVisualStudioVersion = 10.0.40219.1
Project("{FAE04EC0-301F-11D3-BF4B-00C04F79EFBC}") = "task_16.1", "task_16.1\task_16.1.csproj", "{4A345718-3EA5-40C5-9ECE-105BF0816830}"
EndProject
Global
	GlobalSection(SolutionConfigurationPlatforms) = preSolution
		Debug|Any CPU = Debug|Any CPU
		Release|Any CPU = Release|Any CPU
	EndGlobalSection
	GlobalSection(ProjectConfigurationPlatforms) = postSolution
		{4A345718-3EA5-40C5-9ECE-105BF0816830}.Debug|Any CPU.ActiveCfg = Debug|Any CPU
		{4A345718-3EA5-40C5-9ECE-105BF0816830}.Debug|Any CPU.Build.0 = Debug|Any CPU
		{4A345718-3EA5-40C5-9ECE-105BF0816830}.Release|Any CPU.ActiveCfg = Release|Any CPU
		{4A345718-3EA5-40C5-9ECE-105BF0816830}.Release|Any CPU.Build.0 = Release|Any CPU
	EndGlobalSection
	GlobalSection(SolutionProperties) = preSolution
		HideSolutionNode = FALSE
	EndGlobalSection
	GlobalSection(ExtensibilityGlobals) = postSolution
		SolutionGuid = {429C8454-25E1-4448-A8D2-14837A76348A}
	EndGlobalSection
EndGlobal
